
Microsoft Visual Studio Solution File, Format Version 11.00
# Visual Studio 2010
Project("{FAE04EC0-301F-11D3-BF4B-00C04F79EFBC}") = "Assembly-CSharp", "Assembly-CSharp.csproj", "{6597126D-6241-EF4F-7F12-8D66E01FC731}"
EndProject
Project("{FAE04EC0-301F-11D3-BF4B-00C04F79EFBC}") = "Assembly-CSharp-Editor", "Assembly-CSharp-Editor.csproj", "{3829C5A0-1217-0FB1-CBD0-A8B50ADFBE7D}"
EndProject
Global
	GlobalSection(SolutionConfigurationPlatforms) = preSolution
		Debug|Any CPU = Debug|Any CPU
		Release|Any CPU = Release|Any CPU
	EndGlobalSection
	GlobalSection(ProjectConfigurationPlatforms) = postSolution
		{6597126D-6241-EF4F-7F12-8D66E01FC731}.Debug|Any CPU.ActiveCfg = Debug|Any CPU
		{6597126D-6241-EF4F-7F12-8D66E01FC731}.Debug|Any CPU.Build.0 = Debug|Any CPU
		{6597126D-6241-EF4F-7F12-8D66E01FC731}.Release|Any CPU.ActiveCfg = Release|Any CPU
		{6597126D-6241-EF4F-7F12-8D66E01FC731}.Release|Any CPU.Build.0 = Release|Any CPU
		{3829C5A0-1217-0FB1-CBD0-A8B50ADFBE7D}.Debug|Any CPU.ActiveCfg = Debug|Any CPU
		{3829C5A0-1217-0FB1-CBD0-A8B50ADFBE7D}.Debug|Any CPU.Build.0 = Debug|Any CPU
		{3829C5A0-1217-0FB1-CBD0-A8B50ADFBE7D}.Release|Any CPU.ActiveCfg = Release|Any CPU
		{3829C5A0-1217-0FB1-CBD0-A8B50ADFBE7D}.Release|Any CPU.Build.0 = Release|Any CPU
	EndGlobalSection
	GlobalSection(SolutionProperties) = preSolution
		HideSolutionNode = FALSE
	EndGlobalSection
	GlobalSection(MonoDevelopProperties) = preSolution
		StartupItem = Assembly-CSharp.csproj
	EndGlobalSection
EndGlobal
